{
  "name": "prompt-sift",
  "version": "0.4.0",
  "lockfileVersion": 3,
  "requires": true,
  "packages": {
    "": {
      "name": "prompt-sift",
      "version": "0.4.0",
      "license": "MIT",
      "bin": {
        "prompt-sift": "bin/prompt-sift.js"
      },
      "engines": {
        "node": ">=22"
      }
    }
  }
}
